<Solution>
  <Project Path="ERP.HRM.API/ERP.HRM.API.csproj" />
  <Project Path="ERP.HRM.Application/ERP.HRM.Application.csproj" />
  <Project Path="ERP.HRM.Domain/ERP.HRM.Domain.csproj" />
  <Project Path="ERP.HRM.Infrastructure/ERP.HRM.Infrastructure.csproj" />
  <Project Path="tests/ERP.HRM.Application.Tests/ERP.HRM.Application.Tests.csproj" />
</Solution>
